
Microsoft Visual Studio Solution File, Format Version 12.00
# Visual Studio Version 16
VisualStudioVersion = 16.0.30711.63
MinimumVisualStudioVersion = 10.0.40219.1
Project("{FAE04EC0-301F-11D3-BF4B-00C04F79EFBC}") = "OrderManagement", "OrderManagement\OrderManagement.csproj", "{809A21E9-E34C-4CF5-88F2-077A9B2881B9}"
EndProject
Project("{FAE04EC0-301F-11D3-BF4B-00C04F79EFBC}") = "OrderManagementTest", "OrderManagementTest\OrderManagementTest.csproj", "{6AB877A6-5D11-4487-8331-0858AAD799D8}"
EndProject
Global
	GlobalSection(SolutionConfigurationPlatforms) = preSolution
		Debug|Any CPU = Debug|Any CPU
		Release|Any CPU = Release|Any CPU
	EndGlobalSection
	GlobalSection(ProjectConfigurationPlatforms) = postSolution
		{809A21E9-E34C-4CF5-88F2-077A9B2881B9}.Debug|Any CPU.ActiveCfg = Debug|Any CPU
		{809A21E9-E34C-4CF5-88F2-077A9B2881B9}.Debug|Any CPU.Build.0 = Debug|Any CPU
		{809A21E9-E34C-4CF5-88F2-077A9B2881B9}.Release|Any CPU.ActiveCfg = Release|Any CPU
		{809A21E9-E34C-4CF5-88F2-077A9B2881B9}.Release|Any CPU.Build.0 = Release|Any CPU
		{6AB877A6-5D11-4487-8331-0858AAD799D8}.Debug|Any CPU.ActiveCfg = Debug|Any CPU
		{6AB877A6-5D11-4487-8331-0858AAD799D8}.Debug|Any CPU.Build.0 = Debug|Any CPU
		{6AB877A6-5D11-4487-8331-0858AAD799D8}.Release|Any CPU.ActiveCfg = Release|Any CPU
		{6AB877A6-5D11-4487-8331-0858AAD799D8}.Release|Any CPU.Build.0 = Release|Any CPU
	EndGlobalSection
	GlobalSection(SolutionProperties) = preSolution
		HideSolutionNode = FALSE
	EndGlobalSection
	GlobalSection(ExtensibilityGlobals) = postSolution
		SolutionGuid = {94A02081-78E8-4185-99B5-A07101A00EFA}
	EndGlobalSection
EndGlobal
